// !$*UTF8*$!
{
	archiveVersion = 1;
	classes = {
	};
	objectVersion = 55;
	objects = {

/* Begin PBXBuildFile section */
		8434DE8884B1A7CF62F81E3E /* Pods_Firebase_facebook.framework in Frameworks */ = {isa = PBXBuildFile; fileRef = 02B83161CC6F980932E13205 /* Pods_Firebase_facebook.framework */; };
		937515A829C301520009B773 /* TableViewController.swift in Sources */ = {isa = PBXBuildFile; fileRef = 937515A729C301520009B773 /* TableViewController.swift */; };
		937515AA29C316650009B773 /* DetailTableViewCell.swift in Sources */ = {isa = PBXBuildFile; fileRef = 937515A929C316650009B773 /* DetailTableViewCell.swift */; };
		937515AC29C317AC0009B773 /* Json4Swift_Base.swift in Sources */ = {isa = PBXBuildFile; fileRef = 937515AB29C317AB0009B773 /* Json4Swift_Base.swift */; };
		937515B229C3187E0009B773 /* Articles.swift in Sources */ = {isa = PBXBuildFile; fileRef = 937515B129C3187E0009B773 /* Articles.swift */; };
		937515B429C318890009B773 /* Source.swift in Sources */ = {isa = PBXBuildFile; fileRef = 937515B329C318890009B773 /* Source.swift */; };
		937515B629C31BF20009B773 /* AllDataViewController.swift in Sources */ = {isa = PBXBuildFile; fileRef = 937515B529C31BF20009B773 /* AllDataViewController.swift */; };
		937515CB29C326D60009B773 /* Roboto-Medium.ttf in Resources */ = {isa = PBXBuildFile; fileRef = 937515B829C326D60009B773 /* Roboto-Medium.ttf */; };
		937515CC29C326D60009B773 /* Roboto-Light.ttf in Resources */ = {isa = PBXBuildFile; fileRef = 937515B929C326D60009B773 /* Roboto-Light.ttf */; };
		937515CD29C326D60009B773 /* RobotoCondensed-Bold.ttf in Resources */ = {isa = PBXBuildFile; fileRef = 937515BA29C326D60009B773 /* RobotoCondensed-Bold.ttf */; };
		937515CE29C326D60009B773 /* RobotoCondensed-Light.ttf in Resources */ = {isa = PBXBuildFile; fileRef = 937515BB29C326D60009B773 /* RobotoCondensed-Light.ttf */; };
		937515CF29C326D60009B773 /* Roboto-Regular.ttf in Resources */ = {isa = PBXBuildFile; fileRef = 937515BC29C326D60009B773 /* Roboto-Regular.ttf */; };
		937515D029C326D60009B773 /* Roboto-MediumItalic.ttf in Resources */ = {isa = PBXBuildFile; fileRef = 937515BD29C326D60009B773 /* Roboto-MediumItalic.ttf */; };
		937515D129C326D60009B773 /* RobotoCondensed-Italic.ttf in Resources */ = {isa = PBXBuildFile; fileRef = 937515BE29C326D60009B773 /* RobotoCondensed-Italic.ttf */; };
		937515D229C326D60009B773 /* RobotoCondensed-BoldItalic.ttf in Resources */ = {isa = PBXBuildFile; fileRef = 937515BF29C326D60009B773 /* RobotoCondensed-BoldItalic.ttf */; };
		937515D329C326D60009B773 /* Apache License.txt in Resources */ = {isa = PBXBuildFile; fileRef = 937515C029C326D60009B773 /* Apache License.txt */; };
		937515D429C326D60009B773 /* RobotoCondensed-LightItalic.ttf in Resources */ = {isa = PBXBuildFile; fileRef = 937515C129C326D60009B773 /* RobotoCondensed-LightItalic.ttf */; };
		937515D529C326D60009B773 /* Roboto-ThinItalic.ttf in Resources */ = {isa = PBXBuildFile; fileRef = 937515C229C326D60009B773 /* Roboto-ThinItalic.ttf */; };
		937515D629C326D60009B773 /* RobotoCondensed-Regular.ttf in Resources */ = {isa = PBXBuildFile; fileRef = 937515C329C326D60009B773 /* RobotoCondensed-Regular.ttf */; };
		937515D729C326D60009B773 /* Roboto-BoldItalic.ttf in Resources */ = {isa = PBXBuildFile; fileRef = 937515C429C326D60009B773 /* Roboto-BoldItalic.ttf */; };
		937515D829C326D60009B773 /* Roboto-LightItalic.ttf in Resources */ = {isa = PBXBuildFile; fileRef = 937515C529C326D60009B773 /* Roboto-LightItalic.ttf */; };
		937515D929C326D60009B773 /* Roboto-Italic.ttf in Resources */ = {isa = PBXBuildFile; fileRef = 937515C629C326D60009B773 /* Roboto-Italic.ttf */; };
		937515DA29C326D70009B773 /* Roboto-BlackItalic.ttf in Resources */ = {isa = PBXBuildFile; fileRef = 937515C729C326D60009B773 /* Roboto-BlackItalic.ttf */; };
		937515DB29C326D70009B773 /* Roboto-Bold.ttf in Resources */ = {isa = PBXBuildFile; fileRef = 937515C829C326D60009B773 /* Roboto-Bold.ttf */; };
		937515DC29C326D70009B773 /* Roboto-Thin.ttf in Resources */ = {isa = PBXBuildFile; fileRef = 937515C929C326D60009B773 /* Roboto-Thin.ttf */; };
		937515DD29C326D70009B773 /* Roboto-Black.ttf in Resources */ = {isa = PBXBuildFile; fileRef = 937515CA29C326D60009B773 /* Roboto-Black.ttf */; };
		937515DF29C32B830009B773 /* BottomShadow.swift in Sources */ = {isa = PBXBuildFile; fileRef = 937515DE29C32B830009B773 /* BottomShadow.swift */; };
		93EE2A4529C2D71100996BCB /* AppDelegate.swift in Sources */ = {isa = PBXBuildFile; fileRef = 93EE2A4429C2D71100996BCB /* AppDelegate.swift */; };
		93EE2A4729C2D71100996BCB /* SceneDelegate.swift in Sources */ = {isa = PBXBuildFile; fileRef = 93EE2A4629C2D71100996BCB /* SceneDelegate.swift */; };
		93EE2A4929C2D71100996BCB /* ViewController.swift in Sources */ = {isa = PBXBuildFile; fileRef = 93EE2A4829C2D71100996BCB /* ViewController.swift */; };
		93EE2A4C29C2D71100996BCB /* Main.storyboard in Resources */ = {isa = PBXBuildFile; fileRef = 93EE2A4A29C2D71100996BCB /* Main.storyboard */; };
		93EE2A4E29C2D71400996BCB /* Assets.xcassets in Resources */ = {isa = PBXBuildFile; fileRef = 93EE2A4D29C2D71400996BCB /* Assets.xcassets */; };
		93EE2A5129C2D71400996BCB /* LaunchScreen.storyboard in Resources */ = {isa = PBXBuildFile; fileRef = 93EE2A4F29C2D71400996BCB /* LaunchScreen.storyboard */; };
		E175BA4929C36A5500E3B8ED /* GoogleService-Info.plist in Resources */ = {isa = PBXBuildFile; fileRef = E175BA4829C36A5500E3B8ED /* GoogleService-Info.plist */; };
/* End PBXBuildFile section */

/* Begin PBXFileReference section */
		02B83161CC6F980932E13205 /* Pods_Firebase_facebook.framework */ = {isa = PBXFileReference; explicitFileType = wrapper.framework; includeInIndex = 0; path = Pods_Firebase_facebook.framework; sourceTree = BUILT_PRODUCTS_DIR; };
		2B1DFB82A63E18E83A526551 /* Pods-Firebase_facebook.debug.xcconfig */ = {isa = PBXFileReference; includeInIndex = 1; lastKnownFileType = text.xcconfig; name = "Pods-Firebase_facebook.debug.xcconfig"; path = "Target Support Files/Pods-Firebase_facebook/Pods-Firebase_facebook.debug.xcconfig"; sourceTree = "<group>"; };
		937515A729C301520009B773 /* TableViewController.swift */ = {isa = PBXFileReference; lastKnownFileType = sourcecode.swift; path = TableViewController.swift; sourceTree = "<group>"; };
		937515A929C316650009B773 /* DetailTableViewCell.swift */ = {isa = PBXFileReference; lastKnownFileType = sourcecode.swift; path = DetailTableViewCell.swift; sourceTree = "<group>"; };
		937515AB29C317AB0009B773 /* Json4Swift_Base.swift */ = {isa = PBXFileReference; fileEncoding = 4; lastKnownFileType = sourcecode.swift; path = Json4Swift_Base.swift; sourceTree = "<group>"; };
		937515B129C3187E0009B773 /* Articles.swift */ = {isa = PBXFileReference; fileEncoding = 4; lastKnownFileType = sourcecode.swift; path = Articles.swift; sourceTree = "<group>"; };
		937515B329C318890009B773 /* Source.swift */ = {isa = PBXFileReference; fileEncoding = 4; lastKnownFileType = sourcecode.swift; path = Source.swift; sourceTree = "<group>"; };
		937515B529C31BF20009B773 /* AllDataViewController.swift */ = {isa = PBXFileReference; lastKnownFileType = sourcecode.swift; path = AllDataViewController.swift; sourceTree = "<group>"; };
		937515B829C326D60009B773 /* Roboto-Medium.ttf */ = {isa = PBXFileReference; lastKnownFileType = file; path = "Roboto-Medium.ttf"; sourceTree = "<group>"; };
		937515B929C326D60009B773 /* Roboto-Light.ttf */ = {isa = PBXFileReference; lastKnownFileType = file; path = "Roboto-Light.ttf"; sourceTree = "<group>"; };
		937515BA29C326D60009B773 /* RobotoCondensed-Bold.ttf */ = {isa = PBXFileReference; lastKnownFileType = file; path = "RobotoCondensed-Bold.ttf"; sourceTree = "<group>"; };
		937515BB29C326D60009B773 /* RobotoCondensed-Light.ttf */ = {isa = PBXFileReference; lastKnownFileType = file; path = "RobotoCondensed-Light.ttf"; sourceTree = "<group>"; };
		937515BC29C326D60009B773 /* Roboto-Regular.ttf */ = {isa = PBXFileReference; lastKnownFileType = file; path = "Roboto-Regular.ttf"; sourceTree = "<group>"; };
		937515BD29C326D60009B773 /* Roboto-MediumItalic.ttf */ = {isa = PBXFileReference; lastKnownFileType = file; path = "Roboto-MediumItalic.ttf"; sourceTree = "<group>"; };
		937515BE29C326D60009B773 /* RobotoCondensed-Italic.ttf */ = {isa = PBXFileReference; lastKnownFileType = file; path = "RobotoCondensed-Italic.ttf"; sourceTree = "<group>"; };
		937515BF29C326D60009B773 /* RobotoCondensed-BoldItalic.ttf */ = {isa = PBXFileReference; lastKnownFileType = file; path = "RobotoCondensed-BoldItalic.ttf"; sourceTree = "<group>"; };
		937515C029C326D60009B773 /* Apache License.txt */ = {isa = PBXFileReference; fileEncoding = 4; lastKnownFileType = text; path = "Apache License.txt"; sourceTree = "<group>"; };
		937515C129C326D60009B773 /* RobotoCondensed-LightItalic.ttf */ = {isa = PBXFileReference; lastKnownFileType = file; path = "RobotoCondensed-LightItalic.ttf"; sourceTree = "<group>"; };
		937515C229C326D60009B773 /* Roboto-ThinItalic.ttf */ = {isa = PBXFileReference; lastKnownFileType = file; path = "Roboto-ThinItalic.ttf"; sourceTree = "<group>"; };
		937515C329C326D60009B773 /* RobotoCondensed-Regular.ttf */ = {isa = PBXFileReference; lastKnownFileType = file; path = "RobotoCondensed-Regular.ttf"; sourceTree = "<group>"; };
		937515C429C326D60009B773 /* Roboto-BoldItalic.ttf */ = {isa = PBXFileReference; lastKnownFileType = file; path = "Roboto-BoldItalic.ttf"; sourceTree = "<group>"; };
		937515C529C326D60009B773 /* Roboto-LightItalic.ttf */ = {isa = PBXFileReference; lastKnownFileType = file; path = "Roboto-LightItalic.ttf"; sourceTree = "<group>"; };
		937515C629C326D60009B773 /* Roboto-Italic.ttf */ = {isa = PBXFileReference; lastKnownFileType = file; path = "Roboto-Italic.ttf"; sourceTree = "<group>"; };
		937515C729C326D60009B773 /* Roboto-BlackItalic.ttf */ = {isa = PBXFileReference; lastKnownFileType = file; path = "Roboto-BlackItalic.ttf"; sourceTree = "<group>"; };
		937515C829C326D60009B773 /* Roboto-Bold.ttf */ = {isa = PBXFileReference; lastKnownFileType = file; path = "Roboto-Bold.ttf"; sourceTree = "<group>"; };
		937515C929C326D60009B773 /* Roboto-Thin.ttf */ = {isa = PBXFileReference; lastKnownFileType = file; path = "Roboto-Thin.ttf"; sourceTree = "<group>"; };
		937515CA29C326D60009B773 /* Roboto-Black.ttf */ = {isa = PBXFileReference; lastKnownFileType = file; path = "Roboto-Black.ttf"; sourceTree = "<group>"; };
		937515DE29C32B830009B773 /* BottomShadow.swift */ = {isa = PBXFileReference; lastKnownFileType = sourcecode.swift; path = BottomShadow.swift; sourceTree = "<group>"; };
		93EE2A4129C2D71100996BCB /* Firebase_facebook.app */ = {isa = PBXFileReference; explicitFileType = wrapper.application; includeInIndex = 0; path = Firebase_facebook.app; sourceTree = BUILT_PRODUCTS_DIR; };
		93EE2A4429C2D71100996BCB /* AppDelegate.swift */ = {isa = PBXFileReference; lastKnownFileType = sourcecode.swift; path = AppDelegate.swift; sourceTree = "<group>"; };
		93EE2A4629C2D71100996BCB /* SceneDelegate.swift */ = {isa = PBXFileReference; lastKnownFileType = sourcecode.swift; path = SceneDelegate.swift; sourceTree = "<group>"; };
		93EE2A4829C2D71100996BCB /* ViewController.swift */ = {isa = PBXFileReference; lastKnownFileType = sourcecode.swift; path = ViewController.swift; sourceTree = "<group>"; };
		93EE2A4B29C2D71100996BCB /* Base */ = {isa = PBXFileReference; lastKnownFileType = file.storyboard; name = Base; path = Base.lproj/Main.storyboard; sourceTree = "<group>"; };
		93EE2A4D29C2D71400996BCB /* Assets.xcassets */ = {isa = PBXFileReference; lastKnownFileType = folder.assetcatalog; path = Assets.xcassets; sourceTree = "<group>"; };
		93EE2A5029C2D71400996BCB /* Base */ = {isa = PBXFileReference; lastKnownFileType = file.storyboard; name = Base; path = Base.lproj/LaunchScreen.storyboard; sourceTree = "<group>"; };
		93EE2A5229C2D71400996BCB /* Info.plist */ = {isa = PBXFileReference; lastKnownFileType = text.plist.xml; path = Info.plist; sourceTree = "<group>"; };
		C5733E8A0B33706A6FCC8E8F /* Pods-Firebase_facebook.release.xcconfig */ = {isa = PBXFileReference; includeInIndex = 1; lastKnownFileType = text.xcconfig; name = "Pods-Firebase_facebook.release.xcconfig"; path = "Target Support Files/Pods-Firebase_facebook/Pods-Firebase_facebook.release.xcconfig"; sourceTree = "<group>"; };
		E175BA4829C36A5500E3B8ED /* GoogleService-Info.plist */ = {isa = PBXFileReference; fileEncoding = 4; lastKnownFileType = text.plist.xml; path = "GoogleService-Info.plist"; sourceTree = "<group>"; };
/* End PBXFileReference section */

/* Begin PBXFrameworksBuildPhase section */
		93EE2A3E29C2D71100996BCB /* Frameworks */ = {
			isa = PBXFrameworksBuildPhase;
			buildActionMask = 2147483647;
			files = (
				8434DE8884B1A7CF62F81E3E /* Pods_Firebase_facebook.framework in Frameworks */,
			);
			runOnlyForDeploymentPostprocessing = 0;
		};
/* End PBXFrameworksBuildPhase section */

/* Begin PBXGroup section */
		06C9FBD9A2A00943596F171E /* Pods */ = {
			isa = PBXGroup;
			children = (
				2B1DFB82A63E18E83A526551 /* Pods-Firebase_facebook.debug.xcconfig */,
				C5733E8A0B33706A6FCC8E8F /* Pods-Firebase_facebook.release.xcconfig */,
			);
			path = Pods;
			sourceTree = "<group>";
		};
		28138489C1C8C267802114A1 /* Frameworks */ = {
			isa = PBXGroup;
			children = (
				02B83161CC6F980932E13205 /* Pods_Firebase_facebook.framework */,
			);
			name = Frameworks;
			sourceTree = "<group>";
		};
		937515AD29C317B60009B773 /* MODEL */ = {
			isa = PBXGroup;
			children = (
				937515B129C3187E0009B773 /* Articles.swift */,
				937515B329C318890009B773 /* Source.swift */,
				937515AB29C317AB0009B773 /* Json4Swift_Base.swift */,
			);
			path = MODEL;
			sourceTree = "<group>";
		};
		937515AE29C317C00009B773 /* View */ = {
			isa = PBXGroup;
			children = (
				93EE2A4F29C2D71400996BCB /* LaunchScreen.storyboard */,
				93EE2A4A29C2D71100996BCB /* Main.storyboard */,
			);
			path = View;
			sourceTree = "<group>";
		};
		937515AF29C317D60009B773 /* Controller */ = {
			isa = PBXGroup;
			children = (
				937515A729C301520009B773 /* TableViewController.swift */,
				937515B529C31BF20009B773 /* AllDataViewController.swift */,
				93EE2A4829C2D71100996BCB /* ViewController.swift */,
				937515A929C316650009B773 /* DetailTableViewCell.swift */,
			);
			path = Controller;
			sourceTree = "<group>";
		};
		937515B029C317FF0009B773 /* Extension */ = {
			isa = PBXGroup;
			children = (
				93EE2A4629C2D71100996BCB /* SceneDelegate.swift */,
				93EE2A4429C2D71100996BCB /* AppDelegate.swift */,
				937515DE29C32B830009B773 /* BottomShadow.swift */,
			);
			path = Extension;
			sourceTree = "<group>";
		};
		937515B729C326D60009B773 /* roboto */ = {
			isa = PBXGroup;
			children = (
				937515B829C326D60009B773 /* Roboto-Medium.ttf */,
				937515B929C326D60009B773 /* Roboto-Light.ttf */,
				937515BA29C326D60009B773 /* RobotoCondensed-Bold.ttf */,
				937515BB29C326D60009B773 /* RobotoCondensed-Light.ttf */,
				937515BC29C326D60009B773 /* Roboto-Regular.ttf */,
				937515BD29C326D60009B773 /* Roboto-MediumItalic.ttf */,
				937515BE29C326D60009B773 /* RobotoCondensed-Italic.ttf */,
				937515BF29C326D60009B773 /* RobotoCondensed-BoldItalic.ttf */,
				937515C029C326D60009B773 /* Apache License.txt */,
				937515C129C326D60009B773 /* RobotoCondensed-LightItalic.ttf */,
				937515C229C326D60009B773 /* Roboto-ThinItalic.ttf */,
				937515C329C326D60009B773 /* RobotoCondensed-Regular.ttf */,
				937515C429C326D60009B773 /* Roboto-BoldItalic.ttf */,
				937515C529C326D60009B773 /* Roboto-LightItalic.ttf */,
				937515C629C326D60009B773 /* Roboto-Italic.ttf */,
				937515C729C326D60009B773 /* Roboto-BlackItalic.ttf */,
				937515C829C326D60009B773 /* Roboto-Bold.ttf */,
				937515C929C326D60009B773 /* Roboto-Thin.ttf */,
				937515CA29C326D60009B773 /* Roboto-Black.ttf */,
			);
			path = roboto;
			sourceTree = "<group>";
		};
		93EE2A3829C2D71100996BCB = {
			isa = PBXGroup;
			children = (
				93EE2A4329C2D71100996BCB /* Firebase_facebook */,
				93EE2A4229C2D71100996BCB /* Products */,
				06C9FBD9A2A00943596F171E /* Pods */,
				28138489C1C8C267802114A1 /* Frameworks */,
			);
			sourceTree = "<group>";
		};
		93EE2A4229C2D71100996BCB /* Products */ = {
			isa = PBXGroup;
			children = (
				93EE2A4129C2D71100996BCB /* Firebase_facebook.app */,
			);
			name = Products;
			sourceTree = "<group>";
		};
		93EE2A4329C2D71100996BCB /* Firebase_facebook */ = {
			isa = PBXGroup;
			children = (
				E175BA4829C36A5500E3B8ED /* GoogleService-Info.plist */,
				937515B729C326D60009B773 /* roboto */,
				937515B029C317FF0009B773 /* Extension */,
				937515AD29C317B60009B773 /* MODEL */,
				937515AE29C317C00009B773 /* View */,
				937515AF29C317D60009B773 /* Controller */,
				93EE2A4D29C2D71400996BCB /* Assets.xcassets */,
				93EE2A5229C2D71400996BCB /* Info.plist */,
			);
			path = Firebase_facebook;
			sourceTree = "<group>";
		};
/* End PBXGroup section */

/* Begin PBXNativeTarget section */
		93EE2A4029C2D71100996BCB /* Firebase_facebook */ = {
			isa = PBXNativeTarget;
			buildConfigurationList = 93EE2A5529C2D71400996BCB /* Build configuration list for PBXNativeTarget "Firebase_facebook" */;
			buildPhases = (
				49F59A47348EAE049642B942 /* [CP] Check Pods Manifest.lock */,
				93EE2A3D29C2D71100996BCB /* Sources */,
				93EE2A3E29C2D71100996BCB /* Frameworks */,
				93EE2A3F29C2D71100996BCB /* Resources */,
				C6DE25E1281557F260477016 /* [CP] Embed Pods Frameworks */,
			);
			buildRules = (
			);
			dependencies = (
			);
			name = Firebase_facebook;
			productName = Firebase_facebook;
			productReference = 93EE2A4129C2D71100996BCB /* Firebase_facebook.app */;
			productType = "com.apple.product-type.application";
		};
/* End PBXNativeTarget section */

/* Begin PBXProject section */
		93EE2A3929C2D71100996BCB /* Project object */ = {
			isa = PBXProject;
			attributes = {
				BuildIndependentTargetsInParallel = 1;
				LastSwiftUpdateCheck = 1320;
				LastUpgradeCheck = 1320;
				TargetAttributes = {
					93EE2A4029C2D71100996BCB = {
						CreatedOnToolsVersion = 13.2.1;
					};
				};
			};
			buildConfigurationList = 93EE2A3C29C2D71100996BCB /* Build configuration list for PBXProject "Firebase_facebook" */;
			compatibilityVersion = "Xcode 13.0";
			developmentRegion = en;
			hasScannedForEncodings = 0;
			knownRegions = (
				en,
				Base,
			);
			mainGroup = 93EE2A3829C2D71100996BCB;
			productRefGroup = 93EE2A4229C2D71100996BCB /* Products */;
			projectDirPath = "";
			projectRoot = "";
			targets = (
				93EE2A4029C2D71100996BCB /* Firebase_facebook */,
			);
		};
/* End PBXProject section */

/* Begin PBXResourcesBuildPhase section */
		93EE2A3F29C2D71100996BCB /* Resources */ = {
			isa = PBXResourcesBuildPhase;
			buildActionMask = 2147483647;
			files = (
				937515D729C326D60009B773 /* Roboto-BoldItalic.ttf in Resources */,
				937515D529C326D60009B773 /* Roboto-ThinItalic.ttf in Resources */,
				937515CB29C326D60009B773 /* Roboto-Medium.ttf in Resources */,
				937515D329C326D60009B773 /* Apache License.txt in Resources */,
				937515DC29C326D70009B773 /* Roboto-Thin.ttf in Resources */,
				93EE2A5129C2D71400996BCB /* LaunchScreen.storyboard in Resources */,
				937515D229C326D60009B773 /* RobotoCondensed-BoldItalic.ttf in Resources */,
				937515CE29C326D60009B773 /* RobotoCondensed-Light.ttf in Resources */,
				937515DA29C326D70009B773 /* Roboto-BlackItalic.ttf in Resources */,
				937515CC29C326D60009B773 /* Roboto-Light.ttf in Resources */,
				937515D929C326D60009B773 /* Roboto-Italic.ttf in Resources */,
				937515D129C326D60009B773 /* RobotoCondensed-Italic.ttf in Resources */,
				937515CD29C326D60009B773 /* RobotoCondensed-Bold.ttf in Resources */,
				937515D029C326D60009B773 /* Roboto-MediumItalic.ttf in Resources */,
				937515DB29C326D70009B773 /* Roboto-Bold.ttf in Resources */,
				937515CF29C326D60009B773 /* Roboto-Regular.ttf in Resources */,
				93EE2A4E29C2D71400996BCB /* Assets.xcassets in Resources */,
				937515D829C326D60009B773 /* Roboto-LightItalic.ttf in Resources */,
				937515D429C326D60009B773 /* RobotoCondensed-LightItalic.ttf in Resources */,
				E175BA4929C36A5500E3B8ED /* GoogleService-Info.plist in Resources */,
				937515D629C326D60009B773 /* RobotoCondensed-Regular.ttf in Resources */,
				937515DD29C326D70009B773 /* Roboto-Black.ttf in Resources */,
				93EE2A4C29C2D71100996BCB /* Main.storyboard in Resources */,
			);
			runOnlyForDeploymentPostprocessing = 0;
		};
/* End PBXResourcesBuildPhase section */

/* Begin PBXShellScriptBuildPhase section */
		49F59A47348EAE049642B942 /* [CP] Check Pods Manifest.lock */ = {
			isa = PBXShellScriptBuildPhase;
			buildActionMask = 2147483647;
			files = (
			);
			inputFileListPaths = (
			);
			inputPaths = (
				"${PODS_PODFILE_DIR_PATH}/Podfile.lock",
				"${PODS_ROOT}/Manifest.lock",
			);
			name = "[CP] Check Pods Manifest.lock";
			outputFileListPaths = (
			);
			outputPaths = (
				"$(DERIVED_FILE_DIR)/Pods-Firebase_facebook-checkManifestLockResult.txt",
			);
			runOnlyForDeploymentPostprocessing = 0;
			shellPath = /bin/sh;
			shellScript = "diff \"${PODS_PODFILE_DIR_PATH}/Podfile.lock\" \"${PODS_ROOT}/Manifest.lock\" > /dev/null\nif [ $? != 0 ] ; then\n    # print error to STDERR\n    echo \"error: The sandbox is not in sync with the Podfile.lock. Run 'pod install' or update your CocoaPods installation.\" >&2\n    exit 1\nfi\n# This output is used by Xcode 'outputs' to avoid re-running this script phase.\necho \"SUCCESS\" > \"${SCRIPT_OUTPUT_FILE_0}\"\n";
			showEnvVarsInLog = 0;
		};
		C6DE25E1281557F260477016 /* [CP] Embed Pods Frameworks */ = {
			isa = PBXShellScriptBuildPhase;
			buildActionMask = 2147483647;
			files = (
			);
			inputFileListPaths = (
				"${PODS_ROOT}/Target Support Files/Pods-Firebase_facebook/Pods-Firebase_facebook-frameworks-${CONFIGURATION}-input-files.xcfilelist",
			);
			name = "[CP] Embed Pods Frameworks";
			outputFileListPaths = (
				"${PODS_ROOT}/Target Support Files/Pods-Firebase_facebook/Pods-Firebase_facebook-frameworks-${CONFIGURATION}-output-files.xcfilelist",
			);
			runOnlyForDeploymentPostprocessing = 0;
			shellPath = /bin/sh;
			shellScript = "\"${PODS_ROOT}/Target Support Files/Pods-Firebase_facebook/Pods-Firebase_facebook-frameworks.sh\"\n";
			showEnvVarsInLog = 0;
		};
/* End PBXShellScriptBuildPhase section */

/* Begin PBXSourcesBuildPhase section */
		93EE2A3D29C2D71100996BCB /* Sources */ = {
			isa = PBXSourcesBuildPhase;
			buildActionMask = 2147483647;
			files = (
				937515B429C318890009B773 /* Source.swift in Sources */,
				937515B229C3187E0009B773 /* Articles.swift in Sources */,
				937515DF29C32B830009B773 /* BottomShadow.swift in Sources */,
				93EE2A4929C2D71100996BCB /* ViewController.swift in Sources */,
				937515B629C31BF20009B773 /* AllDataViewController.swift in Sources */,
				93EE2A4529C2D71100996BCB /* AppDelegate.swift in Sources */,
				93EE2A4729C2D71100996BCB /* SceneDelegate.swift in Sources */,
				937515AA29C316650009B773 /* DetailTableViewCell.swift in Sources */,
				937515A829C301520009B773 /* TableViewController.swift in Sources */,
				937515AC29C317AC0009B773 /* Json4Swift_Base.swift in Sources */,
			);
			runOnlyForDeploymentPostprocessing = 0;
		};
/* End PBXSourcesBuildPhase section */

/* Begin PBXVariantGroup section */
		93EE2A4A29C2D71100996BCB /* Main.storyboard */ = {
			isa = PBXVariantGroup;
			children = (
				93EE2A4B29C2D71100996BCB /* Base */,
			);
			name = Main.storyboard;
			sourceTree = "<group>";
		};
		93EE2A4F29C2D71400996BCB /* LaunchScreen.storyboard */ = {
			isa = PBXVariantGroup;
			children = (
				93EE2A5029C2D71400996BCB /* Base */,
			);
			name = LaunchScreen.storyboard;
			sourceTree = "<group>";
		};
/* End PBXVariantGroup section */

/* Begin XCBuildConfiguration section */
		93EE2A5329C2D71400996BCB /* Debug */ = {
			isa = XCBuildConfiguration;
			buildSettings = {
				ALWAYS_SEARCH_USER_PATHS = NO;
				CLANG_ANALYZER_NONNULL = YES;
				CLANG_ANALYZER_NUMBER_OBJECT_CONVERSION = YES_AGGRESSIVE;
				CLANG_CXX_LANGUAGE_STANDARD = "gnu++17";
				CLANG_CXX_LIBRARY = "libc++";
				CLANG_ENABLE_MODULES = YES;
				CLANG_ENABLE_OBJC_ARC = YES;
				CLANG_ENABLE_OBJC_WEAK = YES;
				CLANG_WARN_BLOCK_CAPTURE_AUTORELEASING = YES;
				CLANG_WARN_BOOL_CONVERSION = YES;
				CLANG_WARN_COMMA = YES;
				CLANG_WARN_CONSTANT_CONVERSION = YES;
				CLANG_WARN_DEPRECATED_OBJC_IMPLEMENTATIONS = YES;
				CLANG_WARN_DIRECT_OBJC_ISA_USAGE = YES_ERROR;
				CLANG_WARN_DOCUMENTATION_COMMENTS = YES;
				CLANG_WARN_EMPTY_BODY = YES;
				CLANG_WARN_ENUM_CONVERSION = YES;
				CLANG_WARN_INFINITE_RECURSION = YES;
				CLANG_WARN_INT_CONVERSION = YES;
				CLANG_WARN_NON_LITERAL_NULL_CONVERSION = YES;
				CLANG_WARN_OBJC_IMPLICIT_RETAIN_SELF = YES;
				CLANG_WARN_OBJC_LITERAL_CONVERSION = YES;
				CLANG_WARN_OBJC_ROOT_CLASS = YES_ERROR;
				CLANG_WARN_QUOTED_INCLUDE_IN_FRAMEWORK_HEADER = YES;
				CLANG_WARN_RANGE_LOOP_ANALYSIS = YES;
				CLANG_WARN_STRICT_PROTOTYPES = YES;
				CLANG_WARN_SUSPICIOUS_MOVE = YES;
				CLANG_WARN_UNGUARDED_AVAILABILITY = YES_AGGRESSIVE;
				CLANG_WARN_UNREACHABLE_CODE = YES;
				CLANG_WARN__DUPLICATE_METHOD_MATCH = YES;
				COPY_PHASE_STRIP = NO;
				DEBUG_INFORMATION_FORMAT = dwarf;
				ENABLE_STRICT_OBJC_MSGSEND = YES;
				ENABLE_TESTABILITY = YES;
				GCC_C_LANGUAGE_STANDARD = gnu11;
				GCC_DYNAMIC_NO_PIC = NO;
				GCC_NO_COMMON_BLOCKS = YES;
				GCC_OPTIMIZATION_LEVEL = 0;
				GCC_PREPROCESSOR_DEFINITIONS = (
					"DEBUG=1",
					"$(inherited)",
				);
				GCC_WARN_64_TO_32_BIT_CONVERSION = YES;
				GCC_WARN_ABOUT_RETURN_TYPE = YES_ERROR;
				GCC_WARN_UNDECLARED_SELECTOR = YES;
				GCC_WARN_UNINITIALIZED_AUTOS = YES_AGGRESSIVE;
				GCC_WARN_UNUSED_FUNCTION = YES;
				GCC_WARN_UNUSED_VARIABLE = YES;
				IPHONEOS_DEPLOYMENT_TARGET = 15.2;
				MTL_ENABLE_DEBUG_INFO = INCLUDE_SOURCE;
				MTL_FAST_MATH = YES;
				ONLY_ACTIVE_ARCH = YES;
				SDKROOT = iphoneos;
				SWIFT_ACTIVE_COMPILATION_CONDITIONS = DEBUG;
				SWIFT_OPTIMIZATION_LEVEL = "-Onone";
			};
			name = Debug;
		};
		93EE2A5429C2D71400996BCB /* Release */ = {
			isa = XCBuildConfiguration;
			buildSettings = {
				ALWAYS_SEARCH_USER_PATHS = NO;
				CLANG_ANALYZER_NONNULL = YES;
				CLANG_ANALYZER_NUMBER_OBJECT_CONVERSION = YES_AGGRESSIVE;
				CLANG_CXX_LANGUAGE_STANDARD = "gnu++17";
				CLANG_CXX_LIBRARY = "libc++";
				CLANG_ENABLE_MODULES = YES;
				CLANG_ENABLE_OBJC_ARC = YES;
				CLANG_ENABLE_OBJC_WEAK = YES;
				CLANG_WARN_BLOCK_CAPTURE_AUTORELEASING = YES;
				CLANG_WARN_BOOL_CONVERSION = YES;
				CLANG_WARN_COMMA = YES;
				CLANG_WARN_CONSTANT_CONVERSION = YES;
				CLANG_WARN_DEPRECATED_OBJC_IMPLEMENTATIONS = YES;
				CLANG_WARN_DIRECT_OBJC_ISA_USAGE = YES_ERROR;
				CLANG_WARN_DOCUMENTATION_COMMENTS = YES;
				CLANG_WARN_EMPTY_BODY = YES;
				CLANG_WARN_ENUM_CONVERSION = YES;
				CLANG_WARN_INFINITE_RECURSION = YES;
				CLANG_WARN_INT_CONVERSION = YES;
				CLANG_WARN_NON_LITERAL_NULL_CONVERSION = YES;
				CLANG_WARN_OBJC_IMPLICIT_RETAIN_SELF = YES;
				CLANG_WARN_OBJC_LITERAL_CONVERSION = YES;
				CLANG_WARN_OBJC_ROOT_CLASS = YES_ERROR;
				CLANG_WARN_QUOTED_INCLUDE_IN_FRAMEWORK_HEADER = YES;
				CLANG_WARN_RANGE_LOOP_ANALYSIS = YES;
				CLANG_WARN_STRICT_PROTOTYPES = YES;
				CLANG_WARN_SUSPICIOUS_MOVE = YES;
				CLANG_WARN_UNGUARDED_AVAILABILITY = YES_AGGRESSIVE;
				CLANG_WARN_UNREACHABLE_CODE = YES;
				CLANG_WARN__DUPLICATE_METHOD_MATCH = YES;
				COPY_PHASE_STRIP = NO;
				DEBUG_INFORMATION_FORMAT = "dwarf-with-dsym";
				ENABLE_NS_ASSERTIONS = NO;
				ENABLE_STRICT_OBJC_MSGSEND = YES;
				GCC_C_LANGUAGE_STANDARD = gnu11;
				GCC_NO_COMMON_BLOCKS = YES;
				GCC_WARN_64_TO_32_BIT_CONVERSION = YES;
				GCC_WARN_ABOUT_RETURN_TYPE = YES_ERROR;
				GCC_WARN_UNDECLARED_SELECTOR = YES;
				GCC_WARN_UNINITIALIZED_AUTOS = YES_AGGRESSIVE;
				GCC_WARN_UNUSED_FUNCTION = YES;
				GCC_WARN_UNUSED_VARIABLE = YES;
				IPHONEOS_DEPLOYMENT_TARGET = 15.2;
				MTL_ENABLE_DEBUG_INFO = NO;
				MTL_FAST_MATH = YES;
				SDKROOT = iphoneos;
				SWIFT_COMPILATION_MODE = wholemodule;
				SWIFT_OPTIMIZATION_LEVEL = "-O";
				VALIDATE_PRODUCT = YES;
			};
			name = Release;
		};
		93EE2A5629C2D71400996BCB /* Debug */ = {
			isa = XCBuildConfiguration;
			baseConfigurationReference = 2B1DFB82A63E18E83A526551 /* Pods-Firebase_facebook.debug.xcconfig */;
			buildSettings = {
				ASSETCATALOG_COMPILER_APPICON_NAME = AppIcon;
				ASSETCATALOG_COMPILER_GLOBAL_ACCENT_COLOR_NAME = AccentColor;
				CODE_SIGN_STYLE = Automatic;
				CURRENT_PROJECT_VERSION = 1;
				DEVELOPMENT_TEAM = M36758779V;
				GENERATE_INFOPLIST_FILE = YES;
				INFOPLIST_FILE = Firebase_facebook/Info.plist;
				INFOPLIST_KEY_UIApplicationSupportsIndirectInputEvents = YES;
				INFOPLIST_KEY_UILaunchStoryboardName = LaunchScreen;
				INFOPLIST_KEY_UIMainStoryboardFile = Main;
				INFOPLIST_KEY_UISupportedInterfaceOrientations_iPad = "UIInterfaceOrientationPortrait UIInterfaceOrientationPortraitUpsideDown UIInterfaceOrientationLandscapeLeft UIInterfaceOrientationLandscapeRight";
				INFOPLIST_KEY_UISupportedInterfaceOrientations_iPhone = "UIInterfaceOrientationPortrait UIInterfaceOrientationLandscapeLeft UIInterfaceOrientationLandscapeRight";
				LD_RUNPATH_SEARCH_PATHS = (
					"$(inherited)",
					"@executable_path/Frameworks",
				);
				MARKETING_VERSION = 1.0;
				PRODUCT_BUNDLE_IDENTIFIER = "com.itpathsolution.Firebase-facebook";
				PRODUCT_NAME = "$(TARGET_NAME)";
				SWIFT_EMIT_LOC_STRINGS = YES;
				SWIFT_VERSION = 5.0;
				TARGETED_DEVICE_FAMILY = "1,2";
			};
			name = Debug;
		};
		93EE2A5729C2D71400996BCB /* Release */ = {
			isa = XCBuildConfiguration;
			baseConfigurationReference = C5733E8A0B33706A6FCC8E8F /* Pods-Firebase_facebook.release.xcconfig */;
			buildSettings = {
				ASSETCATALOG_COMPILER_APPICON_NAME = AppIcon;
				ASSETCATALOG_COMPILER_GLOBAL_ACCENT_COLOR_NAME = AccentColor;
				CODE_SIGN_STYLE = Automatic;
				CURRENT_PROJECT_VERSION = 1;
				DEVELOPMENT_TEAM = M36758779V;
				GENERATE_INFOPLIST_FILE = YES;
				INFOPLIST_FILE = Firebase_facebook/Info.plist;
				INFOPLIST_KEY_UIApplicationSupportsIndirectInputEvents = YES;
				INFOPLIST_KEY_UILaunchStoryboardName = LaunchScreen;
				INFOPLIST_KEY_UIMainStoryboardFile = Main;
				INFOPLIST_KEY_UISupportedInterfaceOrientations_iPad = "UIInterfaceOrientationPortrait UIInterfaceOrientationPortraitUpsideDown UIInterfaceOrientationLandscapeLeft UIInterfaceOrientationLandscapeRight";
				INFOPLIST_KEY_UISupportedInterfaceOrientations_iPhone = "UIInterfaceOrientationPortrait UIInterfaceOrientationLandscapeLeft UIInterfaceOrientationLandscapeRight";
				LD_RUNPATH_SEARCH_PATHS = (
					"$(inherited)",
					"@executable_path/Frameworks",
				);
				MARKETING_VERSION = 1.0;
				PRODUCT_BUNDLE_IDENTIFIER = "com.itpathsolution.Firebase-facebook";
				PRODUCT_NAME = "$(TARGET_NAME)";
				SWIFT_EMIT_LOC_STRINGS = YES;
				SWIFT_VERSION = 5.0;
				TARGETED_DEVICE_FAMILY = "1,2";
			};
			name = Release;
		};
/* End XCBuildConfiguration section */

/* Begin XCConfigurationList section */
		93EE2A3C29C2D71100996BCB /* Build configuration list for PBXProject "Firebase_facebook" */ = {
			isa = XCConfigurationList;
			buildConfigurations = (
				93EE2A5329C2D71400996BCB /* Debug */,
				93EE2A5429C2D71400996BCB /* Release */,
			);
			defaultConfigurationIsVisible = 0;
			defaultConfigurationName = Release;
		};
		93EE2A5529C2D71400996BCB /* Build configuration list for PBXNativeTarget "Firebase_facebook" */ = {
			isa = XCConfigurationList;
			buildConfigurations = (
				93EE2A5629C2D71400996BCB /* Debug */,
				93EE2A5729C2D71400996BCB /* Release */,
			);
			defaultConfigurationIsVisible = 0;
			defaultConfigurationName = Release;
		};
/* End XCConfigurationList section */
	};
	rootObject = 93EE2A3929C2D71100996BCB /* Project object */;
}
